
Microsoft Visual Studio Solution File, Format Version 12.00
# Visual Studio Version 17
VisualStudioVersion = 17.2.32616.157
MinimumVisualStudioVersion = 10.0.40219.1
Project("{2150E333-8FDC-42A3-9474-1A3956D46DE8}") = "src", "src", "{EF913126-23A8-44AB-BA22-496E29803B1F}"
EndProject
Project("{2150E333-8FDC-42A3-9474-1A3956D46DE8}") = "homeworkProject", "homeworkProject", "{8F65C96B-67A4-4D49-8F16-1447F6F080A7}"
EndProject
Project("{2150E333-8FDC-42A3-9474-1A3956D46DE8}") = "corePackage", "corePackage", "{96DF01D5-E27C-4B00-8452-8E8BAAE44DA5}"
EndProject
Project("{9A19103F-16F7-4668-BE54-9A1E7A4F7556}") = "Core.Persistence", "src\corePackages\Core.Persistance\Core.Persistence.csproj", "{E7E8663D-4F80-47FB-BBBB-C4F467E33EE2}"
EndProject
Project("{9A19103F-16F7-4668-BE54-9A1E7A4F7556}") = "Domain", "src\homeworkProject\Domain\Domain.csproj", "{CC2B7BA7-12EC-49C9-A7BD-5F9B3CF3A846}"
EndProject
Project("{9A19103F-16F7-4668-BE54-9A1E7A4F7556}") = "Application", "src\homeworkProject\Application\Application.csproj", "{41E6888E-82A0-4B17-9D16-BD9D255C1B41}"
EndProject
Project("{9A19103F-16F7-4668-BE54-9A1E7A4F7556}") = "Core.CrossCuttingConcerns", "Core.CrossCuttingConcerns\Core.CrossCuttingConcerns.csproj", "{B37C221E-452D-4623-9791-FCFD8BA19B5A}"
EndProject
Project("{9A19103F-16F7-4668-BE54-9A1E7A4F7556}") = "Core.Application", "Core.Application\Core.Application.csproj", "{5A69AFA3-BAE6-4042-97BF-BC5302C7AC00}"
EndProject
Project("{9A19103F-16F7-4668-BE54-9A1E7A4F7556}") = "Persistence", "Persistance\Persistence.csproj", "{F2BA995F-08F5-453C-A993-09B517B91F1D}"
EndProject
Project("{9A19103F-16F7-4668-BE54-9A1E7A4F7556}") = "WebApi", "WebApi\WebApi.csproj", "{69054365-9F59-441D-9F0D-78EFDC392473}"
EndProject
Global
	GlobalSection(SolutionConfigurationPlatforms) = preSolution
		Debug|Any CPU = Debug|Any CPU
		Release|Any CPU = Release|Any CPU
	EndGlobalSection
	GlobalSection(ProjectConfigurationPlatforms) = postSolution
		{E7E8663D-4F80-47FB-BBBB-C4F467E33EE2}.Debug|Any CPU.ActiveCfg = Debug|Any CPU
		{E7E8663D-4F80-47FB-BBBB-C4F467E33EE2}.Debug|Any CPU.Build.0 = Debug|Any CPU
		{E7E8663D-4F80-47FB-BBBB-C4F467E33EE2}.Release|Any CPU.ActiveCfg = Release|Any CPU
		{E7E8663D-4F80-47FB-BBBB-C4F467E33EE2}.Release|Any CPU.Build.0 = Release|Any CPU
		{CC2B7BA7-12EC-49C9-A7BD-5F9B3CF3A846}.Debug|Any CPU.ActiveCfg = Debug|Any CPU
		{CC2B7BA7-12EC-49C9-A7BD-5F9B3CF3A846}.Debug|Any CPU.Build.0 = Debug|Any CPU
		{CC2B7BA7-12EC-49C9-A7BD-5F9B3CF3A846}.Release|Any CPU.ActiveCfg = Release|Any CPU
		{CC2B7BA7-12EC-49C9-A7BD-5F9B3CF3A846}.Release|Any CPU.Build.0 = Release|Any CPU
		{41E6888E-82A0-4B17-9D16-BD9D255C1B41}.Debug|Any CPU.ActiveCfg = Debug|Any CPU
		{41E6888E-82A0-4B17-9D16-BD9D255C1B41}.Debug|Any CPU.Build.0 = Debug|Any CPU
		{41E6888E-82A0-4B17-9D16-BD9D255C1B41}.Release|Any CPU.ActiveCfg = Release|Any CPU
		{41E6888E-82A0-4B17-9D16-BD9D255C1B41}.Release|Any CPU.Build.0 = Release|Any CPU
		{B37C221E-452D-4623-9791-FCFD8BA19B5A}.Debug|Any CPU.ActiveCfg = Debug|Any CPU
		{B37C221E-452D-4623-9791-FCFD8BA19B5A}.Debug|Any CPU.Build.0 = Debug|Any CPU
		{B37C221E-452D-4623-9791-FCFD8BA19B5A}.Release|Any CPU.ActiveCfg = Release|Any CPU
		{B37C221E-452D-4623-9791-FCFD8BA19B5A}.Release|Any CPU.Build.0 = Release|Any CPU
		{5A69AFA3-BAE6-4042-97BF-BC5302C7AC00}.Debug|Any CPU.ActiveCfg = Debug|Any CPU
		{5A69AFA3-BAE6-4042-97BF-BC5302C7AC00}.Debug|Any CPU.Build.0 = Debug|Any CPU
		{5A69AFA3-BAE6-4042-97BF-BC5302C7AC00}.Release|Any CPU.ActiveCfg = Release|Any CPU
		{5A69AFA3-BAE6-4042-97BF-BC5302C7AC00}.Release|Any CPU.Build.0 = Release|Any CPU
		{F2BA995F-08F5-453C-A993-09B517B91F1D}.Debug|Any CPU.ActiveCfg = Debug|Any CPU
		{F2BA995F-08F5-453C-A993-09B517B91F1D}.Debug|Any CPU.Build.0 = Debug|Any CPU
		{F2BA995F-08F5-453C-A993-09B517B91F1D}.Release|Any CPU.ActiveCfg = Release|Any CPU
		{F2BA995F-08F5-453C-A993-09B517B91F1D}.Release|Any CPU.Build.0 = Release|Any CPU
		{69054365-9F59-441D-9F0D-78EFDC392473}.Debug|Any CPU.ActiveCfg = Debug|Any CPU
		{69054365-9F59-441D-9F0D-78EFDC392473}.Debug|Any CPU.Build.0 = Debug|Any CPU
		{69054365-9F59-441D-9F0D-78EFDC392473}.Release|Any CPU.ActiveCfg = Release|Any CPU
		{69054365-9F59-441D-9F0D-78EFDC392473}.Release|Any CPU.Build.0 = Release|Any CPU
	EndGlobalSection
	GlobalSection(SolutionProperties) = preSolution
		HideSolutionNode = FALSE
	EndGlobalSection
	GlobalSection(NestedProjects) = preSolution
		{8F65C96B-67A4-4D49-8F16-1447F6F080A7} = {EF913126-23A8-44AB-BA22-496E29803B1F}
		{96DF01D5-E27C-4B00-8452-8E8BAAE44DA5} = {EF913126-23A8-44AB-BA22-496E29803B1F}
		{E7E8663D-4F80-47FB-BBBB-C4F467E33EE2} = {96DF01D5-E27C-4B00-8452-8E8BAAE44DA5}
		{CC2B7BA7-12EC-49C9-A7BD-5F9B3CF3A846} = {8F65C96B-67A4-4D49-8F16-1447F6F080A7}
		{41E6888E-82A0-4B17-9D16-BD9D255C1B41} = {8F65C96B-67A4-4D49-8F16-1447F6F080A7}
		{B37C221E-452D-4623-9791-FCFD8BA19B5A} = {96DF01D5-E27C-4B00-8452-8E8BAAE44DA5}
		{5A69AFA3-BAE6-4042-97BF-BC5302C7AC00} = {96DF01D5-E27C-4B00-8452-8E8BAAE44DA5}
		{F2BA995F-08F5-453C-A993-09B517B91F1D} = {8F65C96B-67A4-4D49-8F16-1447F6F080A7}
		{69054365-9F59-441D-9F0D-78EFDC392473} = {8F65C96B-67A4-4D49-8F16-1447F6F080A7}
	EndGlobalSection
	GlobalSection(ExtensibilityGlobals) = postSolution
		SolutionGuid = {D51E5030-383A-47FB-93C2-243AFF2BBEC5}
	EndGlobalSection
EndGlobal
